
Microsoft Visual Studio Solution File, Format Version 12.00
# Visual Studio 2017
Project("{FAE04EC0-301F-11D3-BF4B-00C04F79EFBC}") = "带密码的游戏版本", "带密码的游戏版本.csproj", "{C064703C-76FF-C1AB-A9C4-1FFAB64DD6E3}"
EndProject
Project("{FAE04EC0-301F-11D3-BF4B-00C04F79EFBC}") = "带密码的游戏版本.Editor", "带密码的游戏版本.Editor.csproj", "{A876D063-B38E-895A-8E57-8ABFC987C045}"
EndProject
Global
	GlobalSection(SolutionConfigurationPlatforms) = preSolution
		Debug|Any CPU = Debug|Any CPU
		Release|Any CPU = Release|Any CPU
	EndGlobalSection
	GlobalSection(ProjectConfigurationPlatforms) = postSolution
		{C064703C-76FF-C1AB-A9C4-1FFAB64DD6E3}.Debug|Any CPU.ActiveCfg = Debug|Any CPU
		{C064703C-76FF-C1AB-A9C4-1FFAB64DD6E3}.Debug|Any CPU.Build.0 = Debug|Any CPU
		{C064703C-76FF-C1AB-A9C4-1FFAB64DD6E3}.Release|Any CPU.ActiveCfg = Release|Any CPU
		{C064703C-76FF-C1AB-A9C4-1FFAB64DD6E3}.Release|Any CPU.Build.0 = Release|Any CPU
		{A876D063-B38E-895A-8E57-8ABFC987C045}.Debug|Any CPU.ActiveCfg = Debug|Any CPU
		{A876D063-B38E-895A-8E57-8ABFC987C045}.Debug|Any CPU.Build.0 = Debug|Any CPU
		{A876D063-B38E-895A-8E57-8ABFC987C045}.Release|Any CPU.ActiveCfg = Release|Any CPU
		{A876D063-B38E-895A-8E57-8ABFC987C045}.Release|Any CPU.Build.0 = Release|Any CPU
	EndGlobalSection
	GlobalSection(SolutionProperties) = preSolution
		HideSolutionNode = FALSE
	EndGlobalSection
EndGlobal
